[[package]]
name = "pyopengl"
version = "3.1.6"
description = "Standard OpenGL bindings for Python"
category = "main"
optional = false
python-versions = "*"

[metadata]
lock-version = "1.1"
python-versions = "^3.10"
content-hash = "159c105241b5938f52315d9253f511682de39ba41a5b46106b3712c2ced4b84d"

[metadata.files]
pyopengl = [
    {file = "PyOpenGL-3.1.6-py2-none-any.whl", hash = "sha256:57c597d989178e1413002df6b923619f6d29807501dece1c60cc6f12c0c8e8a7"},
    {file = "PyOpenGL-3.1.6-py3-none-any.whl", hash = "sha256:a7139bc3e15d656feae1f7e3ef68c799941ed43fadc78177a23db7e946c20738"},
    {file = "PyOpenGL-3.1.6.tar.gz", hash = "sha256:8ea6c8773927eda7405bffc6f5bb93be81569a7b05c8cac50cd94e969dce5e27"},
]
